
Microsoft Visual Studio Solution File, Format Version 12.00
# Visual Studio Version 16
VisualStudioVersion = 16.0.31702.278
MinimumVisualStudioVersion = 10.0.40219.1
Project("{FAE04EC0-301F-11D3-BF4B-00C04F79EFBC}") = "HW1_109316131", "HW1_109316131\HW1_109316131.csproj", "{75AA3A5D-DA3D-4193-B44C-2C735222096D}"
EndProject
Global
	GlobalSection(SolutionConfigurationPlatforms) = preSolution
		Debug|Any CPU = Debug|Any CPU
		Release|Any CPU = Release|Any CPU
	EndGlobalSection
	GlobalSection(ProjectConfigurationPlatforms) = postSolution
		{75AA3A5D-DA3D-4193-B44C-2C735222096D}.Debug|Any CPU.ActiveCfg = Debug|Any CPU
		{75AA3A5D-DA3D-4193-B44C-2C735222096D}.Debug|Any CPU.Build.0 = Debug|Any CPU
		{75AA3A5D-DA3D-4193-B44C-2C735222096D}.Release|Any CPU.ActiveCfg = Release|Any CPU
		{75AA3A5D-DA3D-4193-B44C-2C735222096D}.Release|Any CPU.Build.0 = Release|Any CPU
	EndGlobalSection
	GlobalSection(SolutionProperties) = preSolution
		HideSolutionNode = FALSE
	EndGlobalSection
	GlobalSection(ExtensibilityGlobals) = postSolution
		SolutionGuid = {5EE88523-12B3-46C2-A086-F83B29A1D6F4}
	EndGlobalSection
EndGlobal
